
Microsoft Visual Studio Solution File, Format Version 12.00
# Visual Studio 15
VisualStudioVersion = 15.0.28010.2003
MinimumVisualStudioVersion = 10.0.40219.1
Project("{FAE04EC0-301F-11D3-BF4B-00C04F79EFBC}") = "App11Tester_Lists", "App11Tester_Lists\App11Tester_Lists.csproj", "{8570A6B3-9C8E-4872-9838-5D65F4A97822}"
EndProject
Global
	GlobalSection(SolutionConfigurationPlatforms) = preSolution
		Debug|ARM = Debug|ARM
		Debug|x64 = Debug|x64
		Debug|x86 = Debug|x86
		Release|ARM = Release|ARM
		Release|x64 = Release|x64
		Release|x86 = Release|x86
	EndGlobalSection
	GlobalSection(ProjectConfigurationPlatforms) = postSolution
		{8570A6B3-9C8E-4872-9838-5D65F4A97822}.Debug|ARM.ActiveCfg = Debug|ARM
		{8570A6B3-9C8E-4872-9838-5D65F4A97822}.Debug|ARM.Build.0 = Debug|ARM
		{8570A6B3-9C8E-4872-9838-5D65F4A97822}.Debug|ARM.Deploy.0 = Debug|ARM
		{8570A6B3-9C8E-4872-9838-5D65F4A97822}.Debug|x64.ActiveCfg = Debug|x64
		{8570A6B3-9C8E-4872-9838-5D65F4A97822}.Debug|x64.Build.0 = Debug|x64
		{8570A6B3-9C8E-4872-9838-5D65F4A97822}.Debug|x64.Deploy.0 = Debug|x64
		{8570A6B3-9C8E-4872-9838-5D65F4A97822}.Debug|x86.ActiveCfg = Debug|x86
		{8570A6B3-9C8E-4872-9838-5D65F4A97822}.Debug|x86.Build.0 = Debug|x86
		{8570A6B3-9C8E-4872-9838-5D65F4A97822}.Debug|x86.Deploy.0 = Debug|x86
		{8570A6B3-9C8E-4872-9838-5D65F4A97822}.Release|ARM.ActiveCfg = Release|ARM
		{8570A6B3-9C8E-4872-9838-5D65F4A97822}.Release|ARM.Build.0 = Release|ARM
		{8570A6B3-9C8E-4872-9838-5D65F4A97822}.Release|ARM.Deploy.0 = Release|ARM
		{8570A6B3-9C8E-4872-9838-5D65F4A97822}.Release|x64.ActiveCfg = Release|x64
		{8570A6B3-9C8E-4872-9838-5D65F4A97822}.Release|x64.Build.0 = Release|x64
		{8570A6B3-9C8E-4872-9838-5D65F4A97822}.Release|x64.Deploy.0 = Release|x64
		{8570A6B3-9C8E-4872-9838-5D65F4A97822}.Release|x86.ActiveCfg = Release|x86
		{8570A6B3-9C8E-4872-9838-5D65F4A97822}.Release|x86.Build.0 = Release|x86
		{8570A6B3-9C8E-4872-9838-5D65F4A97822}.Release|x86.Deploy.0 = Release|x86
	EndGlobalSection
	GlobalSection(SolutionProperties) = preSolution
		HideSolutionNode = FALSE
	EndGlobalSection
	GlobalSection(ExtensibilityGlobals) = postSolution
		SolutionGuid = {7EF58DD4-D4C3-4482-8BCF-F059B594C574}
	EndGlobalSection
EndGlobal
